Microsoft Visual Studio Solution File, Format Version 12.00
# Visual Studio Version 17
VisualStudioVersion = 17.5.2.0
MinimumVisualStudioVersion = 10.0.40219.1
Project("{FAE04EC0-301F-11D3-BF4B-00C04F79EFBC}") = "ServerSideTS", "ServerSideTS.csproj", "{BCEF970F-C4CD-1F7A-30B6-528CF87BFEAC}"
EndProject
Global
	GlobalSection(SolutionConfigurationPlatforms) = preSolution
		Debug|Any CPU = Debug|Any CPU
		Release|Any CPU = Release|Any CPU
	EndGlobalSection
	GlobalSection(ProjectConfigurationPlatforms) = postSolution
		{BCEF970F-C4CD-1F7A-30B6-528CF87BFEAC}.Debug|Any CPU.ActiveCfg = Debug|Any CPU
		{BCEF970F-C4CD-1F7A-30B6-528CF87BFEAC}.Debug|Any CPU.Build.0 = Debug|Any CPU
		{BCEF970F-C4CD-1F7A-30B6-528CF87BFEAC}.Release|Any CPU.ActiveCfg = Release|Any CPU
		{BCEF970F-C4CD-1F7A-30B6-528CF87BFEAC}.Release|Any CPU.Build.0 = Release|Any CPU
	EndGlobalSection
	GlobalSection(SolutionProperties) = preSolution
		HideSolutionNode = FALSE
	EndGlobalSection
	GlobalSection(ExtensibilityGlobals) = postSolution
		SolutionGuid = {49217422-888B-497B-A9E6-BF6C5AA6C776}
	EndGlobalSection
EndGlobal
